
Microsoft Visual Studio Solution File, Format Version 12.00
# Visual Studio Version 17
VisualStudioVersion = 17.5.33627.172
MinimumVisualStudioVersion = 10.0.40219.1
Project("{FAE04EC0-301F-11D3-BF4B-00C04F79EFBC}") = "Projeto1_NIF_Form", "Projeto1_NIF_Form\Projeto1_NIF_Form.csproj", "{1ED20560-6D8C-478A-A393-4B2E49661CA8}"
EndProject
Global
	GlobalSection(SolutionConfigurationPlatforms) = preSolution
		Debug|Any CPU = Debug|Any CPU
		Release|Any CPU = Release|Any CPU
	EndGlobalSection
	GlobalSection(ProjectConfigurationPlatforms) = postSolution
		{1ED20560-6D8C-478A-A393-4B2E49661CA8}.Debug|Any CPU.ActiveCfg = Debug|Any CPU
		{1ED20560-6D8C-478A-A393-4B2E49661CA8}.Debug|Any CPU.Build.0 = Debug|Any CPU
		{1ED20560-6D8C-478A-A393-4B2E49661CA8}.Release|Any CPU.ActiveCfg = Release|Any CPU
		{1ED20560-6D8C-478A-A393-4B2E49661CA8}.Release|Any CPU.Build.0 = Release|Any CPU
	EndGlobalSection
	GlobalSection(SolutionProperties) = preSolution
		HideSolutionNode = FALSE
	EndGlobalSection
	GlobalSection(ExtensibilityGlobals) = postSolution
		SolutionGuid = {907DE13A-464C-428A-953B-D9DC6231C09F}
	EndGlobalSection
EndGlobal
